
Microsoft Visual Studio Solution File, Format Version 11.00
# Visual Studio 2010
Project("{FAE04EC0-301F-11D3-BF4B-00C04F79EFBC}") = "NatShare", "Assembly-CSharp.csproj", "{1DFAB565-1EED-E9B0-DE00-2A693D3E29D5}"
EndProject
Project("{FAE04EC0-301F-11D3-BF4B-00C04F79EFBC}") = "NatShare", "Assembly-CSharp-Editor.csproj", "{E9C023B1-6560-0865-12C8-1B1BF4AB5B0A}"
EndProject
Global
	GlobalSection(SolutionConfigurationPlatforms) = preSolution
		Debug|Any CPU = Debug|Any CPU
		Release|Any CPU = Release|Any CPU
	EndGlobalSection
	GlobalSection(ProjectConfigurationPlatforms) = postSolution
		{1DFAB565-1EED-E9B0-DE00-2A693D3E29D5}.Debug|Any CPU.ActiveCfg = Debug|Any CPU
		{1DFAB565-1EED-E9B0-DE00-2A693D3E29D5}.Debug|Any CPU.Build.0 = Debug|Any CPU
		{1DFAB565-1EED-E9B0-DE00-2A693D3E29D5}.Release|Any CPU.ActiveCfg = Release|Any CPU
		{1DFAB565-1EED-E9B0-DE00-2A693D3E29D5}.Release|Any CPU.Build.0 = Release|Any CPU
		{E9C023B1-6560-0865-12C8-1B1BF4AB5B0A}.Debug|Any CPU.ActiveCfg = Debug|Any CPU
		{E9C023B1-6560-0865-12C8-1B1BF4AB5B0A}.Debug|Any CPU.Build.0 = Debug|Any CPU
		{E9C023B1-6560-0865-12C8-1B1BF4AB5B0A}.Release|Any CPU.ActiveCfg = Release|Any CPU
		{E9C023B1-6560-0865-12C8-1B1BF4AB5B0A}.Release|Any CPU.Build.0 = Release|Any CPU
	EndGlobalSection
	GlobalSection(SolutionProperties) = preSolution
		HideSolutionNode = FALSE
	EndGlobalSection
	GlobalSection(MonoDevelopProperties) = preSolution
		StartupItem = Assembly-CSharp.csproj
	EndGlobalSection
EndGlobal
