// !$*UTF8*$!
{
	archiveVersion = 1;
	classes = {
	};
	objectVersion = 48;
	objects = {

/* Begin PBXBuildFile section */
		888F3F4A2084E2900019E011 /* libNatShare.a in CopyFiles */ = {isa = PBXBuildFile; fileRef = 886F16392082485000C3FA2D /* libNatShare.a */; settings = {ATTRIBUTES = (CodeSignOnCopy, ); }; };
		889E8FA122FE4A4A00574B17 /* NSPrintPayload.m in Sources */ = {isa = PBXBuildFile; fileRef = 889E8FA022FE4A4A00574B17 /* NSPrintPayload.m */; };
		88A73C5E22FCFED0002A9DC9 /* NSSharePayload.m in Sources */ = {isa = PBXBuildFile; fileRef = 88A73C5D22FCFED0002A9DC9 /* NSSharePayload.m */; };
		88A73C6022FCFF04002A9DC9 /* NSSavePayload.m in Sources */ = {isa = PBXBuildFile; fileRef = 88A73C5F22FCFF04002A9DC9 /* NSSavePayload.m */; };
		88A73C6222FD0094002A9DC9 /* Bridge.m in Sources */ = {isa = PBXBuildFile; fileRef = 88A73C6122FD0094002A9DC9 /* Bridge.m */; };
/* End PBXBuildFile section */

/* Begin PBXCopyFilesBuildPhase section */
		886F16372082484F00C3FA2D /* CopyFiles */ = {
			isa = PBXCopyFilesBuildPhase;
			buildActionMask = 2147483647;
			dstPath = "$(PROJECT_DIR)/../Assets/NatSuite/Plugins/iOS";
			dstSubfolderSpec = 0;
			files = (
				888F3F4A2084E2900019E011 /* libNatShare.a in CopyFiles */,
			);
			runOnlyForDeploymentPostprocessing = 0;
		};
/* End PBXCopyFilesBuildPhase section */

/* Begin PBXFileReference section */
		886F16392082485000C3FA2D /* libNatShare.a */ = {isa = PBXFileReference; explicitFileType = archive.ar; includeInIndex = 0; path = libNatShare.a; sourceTree = BUILT_PRODUCTS_DIR; };
		888F3F472084E19B0019E011 /* UnityInterface.h */ = {isa = PBXFileReference; fileEncoding = 4; lastKnownFileType = sourcecode.c.h; path = UnityInterface.h; sourceTree = "<group>"; };
		888F3F482084E1B90019E011 /* UnityRendering.h */ = {isa = PBXFileReference; fileEncoding = 4; lastKnownFileType = sourcecode.c.h; path = UnityRendering.h; sourceTree = "<group>"; };
		888F3F492084E1BA0019E011 /* UnityForwardDecls.h */ = {isa = PBXFileReference; fileEncoding = 4; lastKnownFileType = sourcecode.c.h; path = UnityForwardDecls.h; sourceTree = "<group>"; };
		889E8FA022FE4A4A00574B17 /* NSPrintPayload.m */ = {isa = PBXFileReference; lastKnownFileType = sourcecode.c.objc; path = NSPrintPayload.m; sourceTree = "<group>"; };
		88A73C5C22FCFED0002A9DC9 /* NSPayload.h */ = {isa = PBXFileReference; lastKnownFileType = sourcecode.c.h; path = NSPayload.h; sourceTree = "<group>"; };
		88A73C5D22FCFED0002A9DC9 /* NSSharePayload.m */ = {isa = PBXFileReference; lastKnownFileType = sourcecode.c.objc; path = NSSharePayload.m; sourceTree = "<group>"; };
		88A73C5F22FCFF04002A9DC9 /* NSSavePayload.m */ = {isa = PBXFileReference; lastKnownFileType = sourcecode.c.objc; path = NSSavePayload.m; sourceTree = "<group>"; };
		88A73C6122FD0094002A9DC9 /* Bridge.m */ = {isa = PBXFileReference; lastKnownFileType = sourcecode.c.objc; path = Bridge.m; sourceTree = "<group>"; };
		88E0BE242478373300CBDDCD /* NatShare.h */ = {isa = PBXFileReference; fileEncoding = 4; lastKnownFileType = sourcecode.c.h; name = NatShare.h; path = ../../C/NatShare.h; sourceTree = "<group>"; };
/* End PBXFileReference section */

/* Begin PBXFrameworksBuildPhase section */
		886F16362082484F00C3FA2D /* Frameworks */ = {
			isa = PBXFrameworksBuildPhase;
			buildActionMask = 2147483647;
			files = (
			);
			runOnlyForDeploymentPostprocessing = 0;
		};
/* End PBXFrameworksBuildPhase section */

/* Begin PBXGroup section */
		886F16302082484F00C3FA2D = {
			isa = PBXGroup;
			children = (
				888F3F462084E15F0019E011 /* include */,
				886F163B2082485000C3FA2D /* NatShare */,
				886F163A2082485000C3FA2D /* Products */,
			);
			sourceTree = "<group>";
		};
		886F163A2082485000C3FA2D /* Products */ = {
			isa = PBXGroup;
			children = (
				886F16392082485000C3FA2D /* libNatShare.a */,
			);
			name = Products;
			sourceTree = "<group>";
		};
		886F163B2082485000C3FA2D /* NatShare */ = {
			isa = PBXGroup;
			children = (
				88E0BE242478373300CBDDCD /* NatShare.h */,
				88A73C5C22FCFED0002A9DC9 /* NSPayload.h */,
				88A73C5D22FCFED0002A9DC9 /* NSSharePayload.m */,
				88A73C5F22FCFF04002A9DC9 /* NSSavePayload.m */,
				88A73C6122FD0094002A9DC9 /* Bridge.m */,
				889E8FA022FE4A4A00574B17 /* NSPrintPayload.m */,
			);
			path = NatShare;
			sourceTree = "<group>";
		};
		888F3F462084E15F0019E011 /* include */ = {
			isa = PBXGroup;
			children = (
				888F3F492084E1BA0019E011 /* UnityForwardDecls.h */,
				888F3F482084E1B90019E011 /* UnityRendering.h */,
				888F3F472084E19B0019E011 /* UnityInterface.h */,
			);
			path = include;
			sourceTree = "<group>";
		};
/* End PBXGroup section */

/* Begin PBXNativeTarget section */
		886F16382082484F00C3FA2D /* NatShare */ = {
			isa = PBXNativeTarget;
			buildConfigurationList = 886F16422082485000C3FA2D /* Build configuration list for PBXNativeTarget "NatShare" */;
			buildPhases = (
				886F16352082484F00C3FA2D /* Sources */,
				886F16362082484F00C3FA2D /* Frameworks */,
				886F16372082484F00C3FA2D /* CopyFiles */,
			);
			buildRules = (
			);
			dependencies = (
			);
			name = NatShare;
			productName = NatShare;
			productReference = 886F16392082485000C3FA2D /* libNatShare.a */;
			productType = "com.apple.product-type.library.static";
		};
/* End PBXNativeTarget section */

/* Begin PBXProject section */
		886F16312082484F00C3FA2D /* Project object */ = {
			isa = PBXProject;
			attributes = {
				LastUpgradeCheck = 0920;
				ORGANIZATIONNAME = "Yusuf Olokoba";
				TargetAttributes = {
					886F16382082484F00C3FA2D = {
						CreatedOnToolsVersion = 9.2;
						ProvisioningStyle = Automatic;
					};
				};
			};
			buildConfigurationList = 886F16342082484F00C3FA2D /* Build configuration list for PBXProject "NatShare" */;
			compatibilityVersion = "Xcode 8.0";
			developmentRegion = en;
			hasScannedForEncodings = 0;
			knownRegions = (
				en,
			);
			mainGroup = 886F16302082484F00C3FA2D;
			productRefGroup = 886F163A2082485000C3FA2D /* Products */;
			projectDirPath = "";
			projectRoot = "";
			targets = (
				886F16382082484F00C3FA2D /* NatShare */,
			);
		};
/* End PBXProject section */

/* Begin PBXSourcesBuildPhase section */
		886F16352082484F00C3FA2D /* Sources */ = {
			isa = PBXSourcesBuildPhase;
			buildActionMask = 2147483647;
			files = (
				88A73C6222FD0094002A9DC9 /* Bridge.m in Sources */,
				88A73C6022FCFF04002A9DC9 /* NSSavePayload.m in Sources */,
				88A73C5E22FCFED0002A9DC9 /* NSSharePayload.m in Sources */,
				889E8FA122FE4A4A00574B17 /* NSPrintPayload.m in Sources */,
			);
			runOnlyForDeploymentPostprocessing = 0;
		};
/* End PBXSourcesBuildPhase section */

/* Begin XCBuildConfiguration section */
		886F16402082485000C3FA2D /* Debug */ = {
			isa = XCBuildConfiguration;
			buildSettings = {
				ALWAYS_SEARCH_USER_PATHS = NO;
				CLANG_ANALYZER_NONNULL = YES;
				CLANG_ANALYZER_NUMBER_OBJECT_CONVERSION = YES_AGGRESSIVE;
				CLANG_CXX_LANGUAGE_STANDARD = "gnu++14";
				CLANG_CXX_LIBRARY = "libc++";
				CLANG_ENABLE_MODULES = YES;
				CLANG_ENABLE_OBJC_ARC = YES;
				CLANG_WARN_BLOCK_CAPTURE_AUTORELEASING = YES;
				CLANG_WARN_BOOL_CONVERSION = YES;
				CLANG_WARN_COMMA = YES;
				CLANG_WARN_CONSTANT_CONVERSION = YES;
				CLANG_WARN_DIRECT_OBJC_ISA_USAGE = YES_ERROR;
				CLANG_WARN_DOCUMENTATION_COMMENTS = YES;
				CLANG_WARN_EMPTY_BODY = YES;
				CLANG_WARN_ENUM_CONVERSION = YES;
				CLANG_WARN_INFINITE_RECURSION = YES;
				CLANG_WARN_INT_CONVERSION = YES;
				CLANG_WARN_NON_LITERAL_NULL_CONVERSION = YES;
				CLANG_WARN_OBJC_LITERAL_CONVERSION = YES;
				CLANG_WARN_OBJC_ROOT_CLASS = YES_ERROR;
				CLANG_WARN_RANGE_LOOP_ANALYSIS = YES;
				CLANG_WARN_STRICT_PROTOTYPES = YES;
				CLANG_WARN_SUSPICIOUS_MOVE = YES;
				CLANG_WARN_UNGUARDED_AVAILABILITY = YES_AGGRESSIVE;
				CLANG_WARN_UNREACHABLE_CODE = YES;
				CLANG_WARN__DUPLICATE_METHOD_MATCH = YES;
				CODE_SIGN_IDENTITY = "iPhone Developer";
				COPY_PHASE_STRIP = NO;
				DEBUG_INFORMATION_FORMAT = dwarf;
				ENABLE_STRICT_OBJC_MSGSEND = YES;
				ENABLE_TESTABILITY = YES;
				GCC_C_LANGUAGE_STANDARD = gnu11;
				GCC_DYNAMIC_NO_PIC = NO;
				GCC_NO_COMMON_BLOCKS = YES;
				GCC_OPTIMIZATION_LEVEL = 0;
				GCC_PREPROCESSOR_DEFINITIONS = (
					"DEBUG=1",
					"$(inherited)",
				);
				GCC_WARN_64_TO_32_BIT_CONVERSION = YES;
				GCC_WARN_ABOUT_RETURN_TYPE = YES_ERROR;
				GCC_WARN_UNDECLARED_SELECTOR = YES;
				GCC_WARN_UNINITIALIZED_AUTOS = YES_AGGRESSIVE;
				GCC_WARN_UNUSED_FUNCTION = YES;
				GCC_WARN_UNUSED_VARIABLE = YES;
				IPHONEOS_DEPLOYMENT_TARGET = 11.2;
				MTL_ENABLE_DEBUG_INFO = YES;
				ONLY_ACTIVE_ARCH = YES;
				SDKROOT = iphoneos;
			};
			name = Debug;
		};
		886F16412082485000C3FA2D /* Release */ = {
			isa = XCBuildConfiguration;
			buildSettings = {
				ALWAYS_SEARCH_USER_PATHS = NO;
				CLANG_ANALYZER_NONNULL = YES;
				CLANG_ANALYZER_NUMBER_OBJECT_CONVERSION = YES_AGGRESSIVE;
				CLANG_CXX_LANGUAGE_STANDARD = "gnu++14";
				CLANG_CXX_LIBRARY = "libc++";
				CLANG_ENABLE_MODULES = YES;
				CLANG_ENABLE_OBJC_ARC = YES;
				CLANG_WARN_BLOCK_CAPTURE_AUTORELEASING = YES;
				CLANG_WARN_BOOL_CONVERSION = YES;
				CLANG_WARN_COMMA = YES;
				CLANG_WARN_CONSTANT_CONVERSION = YES;
				CLANG_WARN_DIRECT_OBJC_ISA_USAGE = YES_ERROR;
				CLANG_WARN_DOCUMENTATION_COMMENTS = YES;
				CLANG_WARN_EMPTY_BODY = YES;
				CLANG_WARN_ENUM_CONVERSION = YES;
				CLANG_WARN_INFINITE_RECURSION = YES;
				CLANG_WARN_INT_CONVERSION = YES;
				CLANG_WARN_NON_LITERAL_NULL_CONVERSION = YES;
				CLANG_WARN_OBJC_LITERAL_CONVERSION = YES;
				CLANG_WARN_OBJC_ROOT_CLASS = YES_ERROR;
				CLANG_WARN_RANGE_LOOP_ANALYSIS = YES;
				CLANG_WARN_STRICT_PROTOTYPES = YES;
				CLANG_WARN_SUSPICIOUS_MOVE = YES;
				CLANG_WARN_UNGUARDED_AVAILABILITY = YES_AGGRESSIVE;
				CLANG_WARN_UNREACHABLE_CODE = YES;
				CLANG_WARN__DUPLICATE_METHOD_MATCH = YES;
				CODE_SIGN_IDENTITY = "iPhone Developer";
				COPY_PHASE_STRIP = NO;
				DEBUG_INFORMATION_FORMAT = "dwarf-with-dsym";
				ENABLE_NS_ASSERTIONS = NO;
				ENABLE_STRICT_OBJC_MSGSEND = YES;
				GCC_C_LANGUAGE_STANDARD = gnu11;
				GCC_NO_COMMON_BLOCKS = YES;
				GCC_WARN_64_TO_32_BIT_CONVERSION = YES;
				GCC_WARN_ABOUT_RETURN_TYPE = YES_ERROR;
				GCC_WARN_UNDECLARED_SELECTOR = YES;
				GCC_WARN_UNINITIALIZED_AUTOS = YES_AGGRESSIVE;
				GCC_WARN_UNUSED_FUNCTION = YES;
				GCC_WARN_UNUSED_VARIABLE = YES;
				IPHONEOS_DEPLOYMENT_TARGET = 11.2;
				MTL_ENABLE_DEBUG_INFO = NO;
				SDKROOT = iphoneos;
				VALIDATE_PRODUCT = YES;
			};
			name = Release;
		};
		886F16432082485000C3FA2D /* Debug */ = {
			isa = XCBuildConfiguration;
			buildSettings = {
				ARCHS = "$(ARCHS_STANDARD)";
				BITCODE_GENERATION_MODE = bitcode;
				CODE_SIGN_STYLE = Automatic;
				DEVELOPMENT_TEAM = NPA3XMW8F9;
				IPHONEOS_DEPLOYMENT_TARGET = 11.0;
				ONLY_ACTIVE_ARCH = NO;
				OTHER_LDFLAGS = "-ObjC";
				PRODUCT_NAME = "$(TARGET_NAME)";
				SKIP_INSTALL = YES;
				TARGETED_DEVICE_FAMILY = "1,2";
			};
			name = Debug;
		};
		886F16442082485000C3FA2D /* Release */ = {
			isa = XCBuildConfiguration;
			buildSettings = {
				ARCHS = "$(ARCHS_STANDARD)";
				BITCODE_GENERATION_MODE = bitcode;
				CODE_SIGN_STYLE = Automatic;
				DEVELOPMENT_TEAM = NPA3XMW8F9;
				IPHONEOS_DEPLOYMENT_TARGET = 11.0;
				ONLY_ACTIVE_ARCH = NO;
				OTHER_LDFLAGS = "-ObjC";
				PRODUCT_NAME = "$(TARGET_NAME)";
				SKIP_INSTALL = YES;
				TARGETED_DEVICE_FAMILY = "1,2";
			};
			name = Release;
		};
/* End XCBuildConfiguration section */

/* Begin XCConfigurationList section */
		886F16342082484F00C3FA2D /* Build configuration list for PBXProject "NatShare" */ = {
			isa = XCConfigurationList;
			buildConfigurations = (
				886F16402082485000C3FA2D /* Debug */,
				886F16412082485000C3FA2D /* Release */,
			);
			defaultConfigurationIsVisible = 0;
			defaultConfigurationName = Release;
		};
		886F16422082485000C3FA2D /* Build configuration list for PBXNativeTarget "NatShare" */ = {
			isa = XCConfigurationList;
			buildConfigurations = (
				886F16432082485000C3FA2D /* Debug */,
				886F16442082485000C3FA2D /* Release */,
			);
			defaultConfigurationIsVisible = 0;
			defaultConfigurationName = Release;
		};
/* End XCConfigurationList section */
	};
	rootObject = 886F16312082484F00C3FA2D /* Project object */;
}
